
Microsoft Visual Studio Solution File, Format Version 12.00
# Visual Studio Version 16
VisualStudioVersion = 16.0.31019.35
MinimumVisualStudioVersion = 10.0.40219.1
Project("{FAE04EC0-301F-11D3-BF4B-00C04F79EFBC}") = "Tee.LoneDruid", "Tee.LoneDruid.csproj", "{DDBEFA6E-DE6F-4D0B-97F9-C80F39FF7513}"
EndProject
Global
	GlobalSection(SolutionConfigurationPlatforms) = preSolution
		Debug|Any CPU = Debug|Any CPU
		Release|Any CPU = Release|Any CPU
	EndGlobalSection
	GlobalSection(ProjectConfigurationPlatforms) = postSolution
		{DDBEFA6E-DE6F-4D0B-97F9-C80F39FF7513}.Debug|Any CPU.ActiveCfg = Debug|Any CPU
		{DDBEFA6E-DE6F-4D0B-97F9-C80F39FF7513}.Debug|Any CPU.Build.0 = Debug|Any CPU
		{DDBEFA6E-DE6F-4D0B-97F9-C80F39FF7513}.Release|Any CPU.ActiveCfg = Release|Any CPU
		{DDBEFA6E-DE6F-4D0B-97F9-C80F39FF7513}.Release|Any CPU.Build.0 = Release|Any CPU
	EndGlobalSection
	GlobalSection(SolutionProperties) = preSolution
		HideSolutionNode = FALSE
	EndGlobalSection
	GlobalSection(ExtensibilityGlobals) = postSolution
		SolutionGuid = {B0A92B0B-CA42-49D1-A93B-887478045154}
	EndGlobalSection
EndGlobal
